
Microsoft Visual Studio Solution File, Format Version 12.00
# Visual Studio Version 16
VisualStudioVersion = 16.0.29519.87
MinimumVisualStudioVersion = 10.0.40219.1
Project("{FAE04EC0-301F-11D3-BF4B-00C04F79EFBC}") = "TestTut", "TestTut\TestTut.csproj", "{55741230-0CE0-4E4F-AF2C-CADB090FC970}"
EndProject
Global
	GlobalSection(SolutionConfigurationPlatforms) = preSolution
		Debug|Any CPU = Debug|Any CPU
		Release|Any CPU = Release|Any CPU
	EndGlobalSection
	GlobalSection(ProjectConfigurationPlatforms) = postSolution
		{55741230-0CE0-4E4F-AF2C-CADB090FC970}.Debug|Any CPU.ActiveCfg = Debug|Any CPU
		{55741230-0CE0-4E4F-AF2C-CADB090FC970}.Debug|Any CPU.Build.0 = Debug|Any CPU
		{55741230-0CE0-4E4F-AF2C-CADB090FC970}.Release|Any CPU.ActiveCfg = Release|Any CPU
		{55741230-0CE0-4E4F-AF2C-CADB090FC970}.Release|Any CPU.Build.0 = Release|Any CPU
	EndGlobalSection
	GlobalSection(SolutionProperties) = preSolution
		HideSolutionNode = FALSE
	EndGlobalSection
	GlobalSection(ExtensibilityGlobals) = postSolution
		SolutionGuid = {8063C923-7A07-4FBB-B066-CF9FE97AED1A}
	EndGlobalSection
EndGlobal
